
Microsoft Visual Studio Solution File, Format Version 12.00
# Visual Studio Version 16
VisualStudioVersion = 16.0.31205.134
MinimumVisualStudioVersion = 10.0.40219.1
Project("{FAE04EC0-301F-11D3-BF4B-00C04F79EFBC}") = "PasswordVault", "PasswordVault\PasswordVault.csproj", "{E2D3E2A9-70EE-45E0-B7EC-CB08D9DD5F52}"
EndProject
Global
	GlobalSection(SolutionConfigurationPlatforms) = preSolution
		Debug|Any CPU = Debug|Any CPU
		Release|Any CPU = Release|Any CPU
	EndGlobalSection
	GlobalSection(ProjectConfigurationPlatforms) = postSolution
		{E2D3E2A9-70EE-45E0-B7EC-CB08D9DD5F52}.Debug|Any CPU.ActiveCfg = Debug|Any CPU
		{E2D3E2A9-70EE-45E0-B7EC-CB08D9DD5F52}.Debug|Any CPU.Build.0 = Debug|Any CPU
		{E2D3E2A9-70EE-45E0-B7EC-CB08D9DD5F52}.Release|Any CPU.ActiveCfg = Release|Any CPU
		{E2D3E2A9-70EE-45E0-B7EC-CB08D9DD5F52}.Release|Any CPU.Build.0 = Release|Any CPU
	EndGlobalSection
	GlobalSection(SolutionProperties) = preSolution
		HideSolutionNode = FALSE
	EndGlobalSection
	GlobalSection(ExtensibilityGlobals) = postSolution
		SolutionGuid = {955236BC-F3E7-4DD6-A896-ABCA6080C74C}
	EndGlobalSection
EndGlobal
